// !$*UTF8*$!
{
	archiveVersion = 1;
	classes = {
	};
	objectVersion = 55;
	objects = {

/* Begin PBXBuildFile section */
		8F3482BF28CB12BA0042750B /* AppDelegate.swift in Sources */ = {isa = PBXBuildFile; fileRef = 8F3482BE28CB12BA0042750B /* AppDelegate.swift */; };
		8F3482C128CB12BA0042750B /* SceneDelegate.swift in Sources */ = {isa = PBXBuildFile; fileRef = 8F3482C028CB12BA0042750B /* SceneDelegate.swift */; };
		8F3482C328CB12BA0042750B /* ViewController.swift in Sources */ = {isa = PBXBuildFile; fileRef = 8F3482C228CB12BA0042750B /* ViewController.swift */; };
		8F3482C628CB12BA0042750B /* Main.storyboard in Resources */ = {isa = PBXBuildFile; fileRef = 8F3482C428CB12BA0042750B /* Main.storyboard */; };
		8F3482C828CB12BB0042750B /* Assets.xcassets in Resources */ = {isa = PBXBuildFile; fileRef = 8F3482C728CB12BB0042750B /* Assets.xcassets */; };
		8F3482CB28CB12BB0042750B /* LaunchScreen.storyboard in Resources */ = {isa = PBXBuildFile; fileRef = 8F3482C928CB12BB0042750B /* LaunchScreen.storyboard */; };
		8F3482D628CB12BB0042750B /* PushNotificationServiceTests.swift in Sources */ = {isa = PBXBuildFile; fileRef = 8F3482D528CB12BB0042750B /* PushNotificationServiceTests.swift */; };
		8F3482EF28CB176A0042750B /* PushNotificationService.swift in Sources */ = {isa = PBXBuildFile; fileRef = 8F3482EE28CB176A0042750B /* PushNotificationService.swift */; };
/* End PBXBuildFile section */

/* Begin PBXContainerItemProxy section */
		8F3482D228CB12BB0042750B /* PBXContainerItemProxy */ = {
			isa = PBXContainerItemProxy;
			containerPortal = 8F3482B328CB12BA0042750B /* Project object */;
			proxyType = 1;
			remoteGlobalIDString = 8F3482BA28CB12BA0042750B;
			remoteInfo = PushNotificationsTest;
		};
/* End PBXContainerItemProxy section */

/* Begin PBXFileReference section */
		8F3482BB28CB12BA0042750B /* PushNotificationsTest.app */ = {isa = PBXFileReference; explicitFileType = wrapper.application; includeInIndex = 0; path = PushNotificationsTest.app; sourceTree = BUILT_PRODUCTS_DIR; };
		8F3482BE28CB12BA0042750B /* AppDelegate.swift */ = {isa = PBXFileReference; lastKnownFileType = sourcecode.swift; path = AppDelegate.swift; sourceTree = "<group>"; };
		8F3482C028CB12BA0042750B /* SceneDelegate.swift */ = {isa = PBXFileReference; lastKnownFileType = sourcecode.swift; path = SceneDelegate.swift; sourceTree = "<group>"; };
		8F3482C228CB12BA0042750B /* ViewController.swift */ = {isa = PBXFileReference; lastKnownFileType = sourcecode.swift; path = ViewController.swift; sourceTree = "<group>"; };
		8F3482C528CB12BA0042750B /* Base */ = {isa = PBXFileReference; lastKnownFileType = file.storyboard; name = Base; path = Base.lproj/Main.storyboard; sourceTree = "<group>"; };
		8F3482C728CB12BB0042750B /* Assets.xcassets */ = {isa = PBXFileReference; lastKnownFileType = folder.assetcatalog; path = Assets.xcassets; sourceTree = "<group>"; };
		8F3482CA28CB12BB0042750B /* Base */ = {isa = PBXFileReference; lastKnownFileType = file.storyboard; name = Base; path = Base.lproj/LaunchScreen.storyboard; sourceTree = "<group>"; };
		8F3482CC28CB12BB0042750B /* Info.plist */ = {isa = PBXFileReference; lastKnownFileType = text.plist.xml; path = Info.plist; sourceTree = "<group>"; };
		8F3482D128CB12BB0042750B /* PushNotificationsTestTests.xctest */ = {isa = PBXFileReference; explicitFileType = wrapper.cfbundle; includeInIndex = 0; path = PushNotificationsTestTests.xctest; sourceTree = BUILT_PRODUCTS_DIR; };
		8F3482D528CB12BB0042750B /* PushNotificationServiceTests.swift */ = {isa = PBXFileReference; lastKnownFileType = sourcecode.swift; path = PushNotificationServiceTests.swift; sourceTree = "<group>"; };
		8F3482EE28CB176A0042750B /* PushNotificationService.swift */ = {isa = PBXFileReference; lastKnownFileType = sourcecode.swift; path = PushNotificationService.swift; sourceTree = "<group>"; };
/* End PBXFileReference section */

/* Begin PBXFrameworksBuildPhase section */
		8F3482B828CB12BA0042750B /* Frameworks */ = {
			isa = PBXFrameworksBuildPhase;
			buildActionMask = 2147483647;
			files = (
			);
			runOnlyForDeploymentPostprocessing = 0;
		};
		8F3482CE28CB12BB0042750B /* Frameworks */ = {
			isa = PBXFrameworksBuildPhase;
			buildActionMask = 2147483647;
			files = (
			);
			runOnlyForDeploymentPostprocessing = 0;
		};
/* End PBXFrameworksBuildPhase section */

/* Begin PBXGroup section */
		8F3482B228CB12BA0042750B = {
			isa = PBXGroup;
			children = (
				8F3482BD28CB12BA0042750B /* PushNotificationsTest */,
				8F3482D428CB12BB0042750B /* PushNotificationsTestTests */,
				8F3482BC28CB12BA0042750B /* Products */,
			);
			sourceTree = "<group>";
		};
		8F3482BC28CB12BA0042750B /* Products */ = {
			isa = PBXGroup;
			children = (
				8F3482BB28CB12BA0042750B /* PushNotificationsTest.app */,
				8F3482D128CB12BB0042750B /* PushNotificationsTestTests.xctest */,
			);
			name = Products;
			sourceTree = "<group>";
		};
		8F3482BD28CB12BA0042750B /* PushNotificationsTest */ = {
			isa = PBXGroup;
			children = (
				8F3482BE28CB12BA0042750B /* AppDelegate.swift */,
				8F3482C028CB12BA0042750B /* SceneDelegate.swift */,
				8F3482C228CB12BA0042750B /* ViewController.swift */,
				8F3482C428CB12BA0042750B /* Main.storyboard */,
				8F3482C728CB12BB0042750B /* Assets.xcassets */,
				8F3482C928CB12BB0042750B /* LaunchScreen.storyboard */,
				8F3482CC28CB12BB0042750B /* Info.plist */,
				8F3482EE28CB176A0042750B /* PushNotificationService.swift */,
			);
			path = PushNotificationsTest;
			sourceTree = "<group>";
		};
		8F3482D428CB12BB0042750B /* PushNotificationsTestTests */ = {
			isa = PBXGroup;
			children = (
				8F3482D528CB12BB0042750B /* PushNotificationServiceTests.swift */,
			);
			path = PushNotificationsTestTests;
			sourceTree = "<group>";
		};
/* End PBXGroup section */

/* Begin PBXNativeTarget section */
		8F3482BA28CB12BA0042750B /* PushNotificationsTest */ = {
			isa = PBXNativeTarget;
			buildConfigurationList = 8F3482E528CB12BB0042750B /* Build configuration list for PBXNativeTarget "PushNotificationsTest" */;
			buildPhases = (
				8F3482B728CB12BA0042750B /* Sources */,
				8F3482B828CB12BA0042750B /* Frameworks */,
				8F3482B928CB12BA0042750B /* Resources */,
			);
			buildRules = (
			);
			dependencies = (
			);
			name = PushNotificationsTest;
			productName = PushNotificationsTest;
			productReference = 8F3482BB28CB12BA0042750B /* PushNotificationsTest.app */;
			productType = "com.apple.product-type.application";
		};
		8F3482D028CB12BB0042750B /* PushNotificationsTestTests */ = {
			isa = PBXNativeTarget;
			buildConfigurationList = 8F3482E828CB12BB0042750B /* Build configuration list for PBXNativeTarget "PushNotificationsTestTests" */;
			buildPhases = (
				8F3482CD28CB12BB0042750B /* Sources */,
				8F3482CE28CB12BB0042750B /* Frameworks */,
				8F3482CF28CB12BB0042750B /* Resources */,
			);
			buildRules = (
			);
			dependencies = (
				8F3482D328CB12BB0042750B /* PBXTargetDependency */,
			);
			name = PushNotificationsTestTests;
			productName = PushNotificationsTestTests;
			productReference = 8F3482D128CB12BB0042750B /* PushNotificationsTestTests.xctest */;
			productType = "com.apple.product-type.bundle.unit-test";
		};
/* End PBXNativeTarget section */

/* Begin PBXProject section */
		8F3482B328CB12BA0042750B /* Project object */ = {
			isa = PBXProject;
			attributes = {
				BuildIndependentTargetsInParallel = 1;
				LastSwiftUpdateCheck = 1340;
				LastUpgradeCheck = 1340;
				TargetAttributes = {
					8F3482BA28CB12BA0042750B = {
						CreatedOnToolsVersion = 13.4;
					};
					8F3482D028CB12BB0042750B = {
						CreatedOnToolsVersion = 13.4;
						TestTargetID = 8F3482BA28CB12BA0042750B;
					};
				};
			};
			buildConfigurationList = 8F3482B628CB12BA0042750B /* Build configuration list for PBXProject "PushNotificationsTest" */;
			compatibilityVersion = "Xcode 13.0";
			developmentRegion = en;
			hasScannedForEncodings = 0;
			knownRegions = (
				en,
				Base,
			);
			mainGroup = 8F3482B228CB12BA0042750B;
			productRefGroup = 8F3482BC28CB12BA0042750B /* Products */;
			projectDirPath = "";
			projectRoot = "";
			targets = (
				8F3482BA28CB12BA0042750B /* PushNotificationsTest */,
				8F3482D028CB12BB0042750B /* PushNotificationsTestTests */,
			);
		};
/* End PBXProject section */

/* Begin PBXResourcesBuildPhase section */
		8F3482B928CB12BA0042750B /* Resources */ = {
			isa = PBXResourcesBuildPhase;
			buildActionMask = 2147483647;
			files = (
				8F3482CB28CB12BB0042750B /* LaunchScreen.storyboard in Resources */,
				8F3482C828CB12BB0042750B /* Assets.xcassets in Resources */,
				8F3482C628CB12BA0042750B /* Main.storyboard in Resources */,
			);
			runOnlyForDeploymentPostprocessing = 0;
		};
		8F3482CF28CB12BB0042750B /* Resources */ = {
			isa = PBXResourcesBuildPhase;
			buildActionMask = 2147483647;
			files = (
			);
			runOnlyForDeploymentPostprocessing = 0;
		};
/* End PBXResourcesBuildPhase section */

/* Begin PBXSourcesBuildPhase section */
		8F3482B728CB12BA0042750B /* Sources */ = {
			isa = PBXSourcesBuildPhase;
			buildActionMask = 2147483647;
			files = (
				8F3482EF28CB176A0042750B /* PushNotificationService.swift in Sources */,
				8F3482C328CB12BA0042750B /* ViewController.swift in Sources */,
				8F3482BF28CB12BA0042750B /* AppDelegate.swift in Sources */,
				8F3482C128CB12BA0042750B /* SceneDelegate.swift in Sources */,
			);
			runOnlyForDeploymentPostprocessing = 0;
		};
		8F3482CD28CB12BB0042750B /* Sources */ = {
			isa = PBXSourcesBuildPhase;
			buildActionMask = 2147483647;
			files = (
				8F3482D628CB12BB0042750B /* PushNotificationServiceTests.swift in Sources */,
			);
			runOnlyForDeploymentPostprocessing = 0;
		};
/* End PBXSourcesBuildPhase section */

/* Begin PBXTargetDependency section */
		8F3482D328CB12BB0042750B /* PBXTargetDependency */ = {
			isa = PBXTargetDependency;
			target = 8F3482BA28CB12BA0042750B /* PushNotificationsTest */;
			targetProxy = 8F3482D228CB12BB0042750B /* PBXContainerItemProxy */;
		};
/* End PBXTargetDependency section */

/* Begin PBXVariantGroup section */
		8F3482C428CB12BA0042750B /* Main.storyboard */ = {
			isa = PBXVariantGroup;
			children = (
				8F3482C528CB12BA0042750B /* Base */,
			);
			name = Main.storyboard;
			sourceTree = "<group>";
		};
		8F3482C928CB12BB0042750B /* LaunchScreen.storyboard */ = {
			isa = PBXVariantGroup;
			children = (
				8F3482CA28CB12BB0042750B /* Base */,
			);
			name = LaunchScreen.storyboard;
			sourceTree = "<group>";
		};
/* End PBXVariantGroup section */

/* Begin XCBuildConfiguration section */
		8F3482E328CB12BB0042750B /* Debug */ = {
			isa = XCBuildConfiguration;
			buildSettings = {
				ALWAYS_SEARCH_USER_PATHS = NO;
				CLANG_ANALYZER_NONNULL = YES;
				CLANG_ANALYZER_NUMBER_OBJECT_CONVERSION = YES_AGGRESSIVE;
				CLANG_CXX_LANGUAGE_STANDARD = "gnu++17";
				CLANG_ENABLE_MODULES = YES;
				CLANG_ENABLE_OBJC_ARC = YES;
				CLANG_ENABLE_OBJC_WEAK = YES;
				CLANG_WARN_BLOCK_CAPTURE_AUTORELEASING = YES;
				CLANG_WARN_BOOL_CONVERSION = YES;
				CLANG_WARN_COMMA = YES;
				CLANG_WARN_CONSTANT_CONVERSION = YES;
				CLANG_WARN_DEPRECATED_OBJC_IMPLEMENTATIONS = YES;
				CLANG_WARN_DIRECT_OBJC_ISA_USAGE = YES_ERROR;
				CLANG_WARN_DOCUMENTATION_COMMENTS = YES;
				CLANG_WARN_EMPTY_BODY = YES;
				CLANG_WARN_ENUM_CONVERSION = YES;
				CLANG_WARN_INFINITE_RECURSION = YES;
				CLANG_WARN_INT_CONVERSION = YES;
				CLANG_WARN_NON_LITERAL_NULL_CONVERSION = YES;
				CLANG_WARN_OBJC_IMPLICIT_RETAIN_SELF = YES;
				CLANG_WARN_OBJC_LITERAL_CONVERSION = YES;
				CLANG_WARN_OBJC_ROOT_CLASS = YES_ERROR;
				CLANG_WARN_QUOTED_INCLUDE_IN_FRAMEWORK_HEADER = YES;
				CLANG_WARN_RANGE_LOOP_ANALYSIS = YES;
				CLANG_WARN_STRICT_PROTOTYPES = YES;
				CLANG_WARN_SUSPICIOUS_MOVE = YES;
				CLANG_WARN_UNGUARDED_AVAILABILITY = YES_AGGRESSIVE;
				CLANG_WARN_UNREACHABLE_CODE = YES;
				CLANG_WARN__DUPLICATE_METHOD_MATCH = YES;
				COPY_PHASE_STRIP = NO;
				DEBUG_INFORMATION_FORMAT = dwarf;
				ENABLE_STRICT_OBJC_MSGSEND = YES;
				ENABLE_TESTABILITY = YES;
				GCC_C_LANGUAGE_STANDARD = gnu11;
				GCC_DYNAMIC_NO_PIC = NO;
				GCC_NO_COMMON_BLOCKS = YES;
				GCC_OPTIMIZATION_LEVEL = 0;
				GCC_PREPROCESSOR_DEFINITIONS = (
					"DEBUG=1",
					"$(inherited)",
				);
				GCC_WARN_64_TO_32_BIT_CONVERSION = YES;
				GCC_WARN_ABOUT_RETURN_TYPE = YES_ERROR;
				GCC_WARN_UNDECLARED_SELECTOR = YES;
				GCC_WARN_UNINITIALIZED_AUTOS = YES_AGGRESSIVE;
				GCC_WARN_UNUSED_FUNCTION = YES;
				GCC_WARN_UNUSED_VARIABLE = YES;
				IPHONEOS_DEPLOYMENT_TARGET = 15.5;
				MTL_ENABLE_DEBUG_INFO = INCLUDE_SOURCE;
				MTL_FAST_MATH = YES;
				ONLY_ACTIVE_ARCH = YES;
				SDKROOT = iphoneos;
				SWIFT_ACTIVE_COMPILATION_CONDITIONS = DEBUG;
				SWIFT_OPTIMIZATION_LEVEL = "-Onone";
			};
			name = Debug;
		};
		8F3482E428CB12BB0042750B /* Release */ = {
			isa = XCBuildConfiguration;
			buildSettings = {
				ALWAYS_SEARCH_USER_PATHS = NO;
				CLANG_ANALYZER_NONNULL = YES;
				CLANG_ANALYZER_NUMBER_OBJECT_CONVERSION = YES_AGGRESSIVE;
				CLANG_CXX_LANGUAGE_STANDARD = "gnu++17";
				CLANG_ENABLE_MODULES = YES;
				CLANG_ENABLE_OBJC_ARC = YES;
				CLANG_ENABLE_OBJC_WEAK = YES;
				CLANG_WARN_BLOCK_CAPTURE_AUTORELEASING = YES;
				CLANG_WARN_BOOL_CONVERSION = YES;
				CLANG_WARN_COMMA = YES;
				CLANG_WARN_CONSTANT_CONVERSION = YES;
				CLANG_WARN_DEPRECATED_OBJC_IMPLEMENTATIONS = YES;
				CLANG_WARN_DIRECT_OBJC_ISA_USAGE = YES_ERROR;
				CLANG_WARN_DOCUMENTATION_COMMENTS = YES;
				CLANG_WARN_EMPTY_BODY = YES;
				CLANG_WARN_ENUM_CONVERSION = YES;
				CLANG_WARN_INFINITE_RECURSION = YES;
				CLANG_WARN_INT_CONVERSION = YES;
				CLANG_WARN_NON_LITERAL_NULL_CONVERSION = YES;
				CLANG_WARN_OBJC_IMPLICIT_RETAIN_SELF = YES;
				CLANG_WARN_OBJC_LITERAL_CONVERSION = YES;
				CLANG_WARN_OBJC_ROOT_CLASS = YES_ERROR;
				CLANG_WARN_QUOTED_INCLUDE_IN_FRAMEWORK_HEADER = YES;
				CLANG_WARN_RANGE_LOOP_ANALYSIS = YES;
				CLANG_WARN_STRICT_PROTOTYPES = YES;
				CLANG_WARN_SUSPICIOUS_MOVE = YES;
				CLANG_WARN_UNGUARDED_AVAILABILITY = YES_AGGRESSIVE;
				CLANG_WARN_UNREACHABLE_CODE = YES;
				CLANG_WARN__DUPLICATE_METHOD_MATCH = YES;
				COPY_PHASE_STRIP = NO;
				DEBUG_INFORMATION_FORMAT = "dwarf-with-dsym";
				ENABLE_NS_ASSERTIONS = NO;
				ENABLE_STRICT_OBJC_MSGSEND = YES;
				GCC_C_LANGUAGE_STANDARD = gnu11;
				GCC_NO_COMMON_BLOCKS = YES;
				GCC_WARN_64_TO_32_BIT_CONVERSION = YES;
				GCC_WARN_ABOUT_RETURN_TYPE = YES_ERROR;
				GCC_WARN_UNDECLARED_SELECTOR = YES;
				GCC_WARN_UNINITIALIZED_AUTOS = YES_AGGRESSIVE;
				GCC_WARN_UNUSED_FUNCTION = YES;
				GCC_WARN_UNUSED_VARIABLE = YES;
				IPHONEOS_DEPLOYMENT_TARGET = 15.5;
				MTL_ENABLE_DEBUG_INFO = NO;
				MTL_FAST_MATH = YES;
				SDKROOT = iphoneos;
				SWIFT_COMPILATION_MODE = wholemodule;
				SWIFT_OPTIMIZATION_LEVEL = "-O";
				VALIDATE_PRODUCT = YES;
			};
			name = Release;
		};
		8F3482E628CB12BB0042750B /* Debug */ = {
			isa = XCBuildConfiguration;
			buildSettings = {
				ASSETCATALOG_COMPILER_APPICON_NAME = AppIcon;
				ASSETCATALOG_COMPILER_GLOBAL_ACCENT_COLOR_NAME = AccentColor;
				CODE_SIGN_STYLE = Automatic;
				CURRENT_PROJECT_VERSION = 1;
				DEVELOPMENT_TEAM = CZ4S46HB3C;
				GENERATE_INFOPLIST_FILE = YES;
				INFOPLIST_FILE = PushNotificationsTest/Info.plist;
				INFOPLIST_KEY_UIApplicationSupportsIndirectInputEvents = YES;
				INFOPLIST_KEY_UILaunchStoryboardName = LaunchScreen;
				INFOPLIST_KEY_UIMainStoryboardFile = Main;
				INFOPLIST_KEY_UISupportedInterfaceOrientations_iPad = "UIInterfaceOrientationPortrait UIInterfaceOrientationPortraitUpsideDown UIInterfaceOrientationLandscapeLeft UIInterfaceOrientationLandscapeRight";
				INFOPLIST_KEY_UISupportedInterfaceOrientations_iPhone = "UIInterfaceOrientationPortrait UIInterfaceOrientationLandscapeLeft UIInterfaceOrientationLandscapeRight";
				LD_RUNPATH_SEARCH_PATHS = (
					"$(inherited)",
					"@executable_path/Frameworks",
				);
				MARKETING_VERSION = 1.0;
				PRODUCT_BUNDLE_IDENTIFIER = com.springenwerk.PushNotificationsTest;
				PRODUCT_NAME = "$(TARGET_NAME)";
				SWIFT_EMIT_LOC_STRINGS = YES;
				SWIFT_VERSION = 5.0;
				TARGETED_DEVICE_FAMILY = "1,2";
			};
			name = Debug;
		};
		8F3482E728CB12BB0042750B /* Release */ = {
			isa = XCBuildConfiguration;
			buildSettings = {
				ASSETCATALOG_COMPILER_APPICON_NAME = AppIcon;
				ASSETCATALOG_COMPILER_GLOBAL_ACCENT_COLOR_NAME = AccentColor;
				CODE_SIGN_STYLE = Automatic;
				CURRENT_PROJECT_VERSION = 1;
				DEVELOPMENT_TEAM = CZ4S46HB3C;
				GENERATE_INFOPLIST_FILE = YES;
				INFOPLIST_FILE = PushNotificationsTest/Info.plist;
				INFOPLIST_KEY_UIApplicationSupportsIndirectInputEvents = YES;
				INFOPLIST_KEY_UILaunchStoryboardName = LaunchScreen;
				INFOPLIST_KEY_UIMainStoryboardFile = Main;
				INFOPLIST_KEY_UISupportedInterfaceOrientations_iPad = "UIInterfaceOrientationPortrait UIInterfaceOrientationPortraitUpsideDown UIInterfaceOrientationLandscapeLeft UIInterfaceOrientationLandscapeRight";
				INFOPLIST_KEY_UISupportedInterfaceOrientations_iPhone = "UIInterfaceOrientationPortrait UIInterfaceOrientationLandscapeLeft UIInterfaceOrientationLandscapeRight";
				LD_RUNPATH_SEARCH_PATHS = (
					"$(inherited)",
					"@executable_path/Frameworks",
				);
				MARKETING_VERSION = 1.0;
				PRODUCT_BUNDLE_IDENTIFIER = com.springenwerk.PushNotificationsTest;
				PRODUCT_NAME = "$(TARGET_NAME)";
				SWIFT_EMIT_LOC_STRINGS = YES;
				SWIFT_VERSION = 5.0;
				TARGETED_DEVICE_FAMILY = "1,2";
			};
			name = Release;
		};
		8F3482E928CB12BB0042750B /* Debug */ = {
			isa = XCBuildConfiguration;
			buildSettings = {
				ALWAYS_EMBED_SWIFT_STANDARD_LIBRARIES = YES;
				BUNDLE_LOADER = "$(TEST_HOST)";
				CODE_SIGN_STYLE = Automatic;
				CURRENT_PROJECT_VERSION = 1;
				DEVELOPMENT_TEAM = CZ4S46HB3C;
				GENERATE_INFOPLIST_FILE = YES;
				IPHONEOS_DEPLOYMENT_TARGET = 15.5;
				MARKETING_VERSION = 1.0;
				PRODUCT_BUNDLE_IDENTIFIER = com.springenwerk.PushNotificationsTestTests;
				PRODUCT_NAME = "$(TARGET_NAME)";
				SWIFT_EMIT_LOC_STRINGS = NO;
				SWIFT_VERSION = 5.0;
				TARGETED_DEVICE_FAMILY = "1,2";
				TEST_HOST = "$(BUILT_PRODUCTS_DIR)/PushNotificationsTest.app/PushNotificationsTest";
			};
			name = Debug;
		};
		8F3482EA28CB12BB0042750B /* Release */ = {
			isa = XCBuildConfiguration;
			buildSettings = {
				ALWAYS_EMBED_SWIFT_STANDARD_LIBRARIES = YES;
				BUNDLE_LOADER = "$(TEST_HOST)";
				CODE_SIGN_STYLE = Automatic;
				CURRENT_PROJECT_VERSION = 1;
				DEVELOPMENT_TEAM = CZ4S46HB3C;
				GENERATE_INFOPLIST_FILE = YES;
				IPHONEOS_DEPLOYMENT_TARGET = 15.5;
				MARKETING_VERSION = 1.0;
				PRODUCT_BUNDLE_IDENTIFIER = com.springenwerk.PushNotificationsTestTests;
				PRODUCT_NAME = "$(TARGET_NAME)";
				SWIFT_EMIT_LOC_STRINGS = NO;
				SWIFT_VERSION = 5.0;
				TARGETED_DEVICE_FAMILY = "1,2";
				TEST_HOST = "$(BUILT_PRODUCTS_DIR)/PushNotificationsTest.app/PushNotificationsTest";
			};
			name = Release;
		};
/* End XCBuildConfiguration section */

/* Begin XCConfigurationList section */
		8F3482B628CB12BA0042750B /* Build configuration list for PBXProject "PushNotificationsTest" */ = {
			isa = XCConfigurationList;
			buildConfigurations = (
				8F3482E328CB12BB0042750B /* Debug */,
				8F3482E428CB12BB0042750B /* Release */,
			);
			defaultConfigurationIsVisible = 0;
			defaultConfigurationName = Release;
		};
		8F3482E528CB12BB0042750B /* Build configuration list for PBXNativeTarget "PushNotificationsTest" */ = {
			isa = XCConfigurationList;
			buildConfigurations = (
				8F3482E628CB12BB0042750B /* Debug */,
				8F3482E728CB12BB0042750B /* Release */,
			);
			defaultConfigurationIsVisible = 0;
			defaultConfigurationName = Release;
		};
		8F3482E828CB12BB0042750B /* Build configuration list for PBXNativeTarget "PushNotificationsTestTests" */ = {
			isa = XCConfigurationList;
			buildConfigurations = (
				8F3482E928CB12BB0042750B /* Debug */,
				8F3482EA28CB12BB0042750B /* Release */,
			);
			defaultConfigurationIsVisible = 0;
			defaultConfigurationName = Release;
		};
/* End XCConfigurationList section */
	};
	rootObject = 8F3482B328CB12BA0042750B /* Project object */;
}
