// !$*UTF8*$!
{
	archiveVersion = 1;
	classes = {
	};
	objectVersion = 55;
	objects = {

/* Begin PBXBuildFile section */
		8F34828828C89CDF0042750B /* WebViewKeyboardFocusHelper.swift in Sources */ = {isa = PBXBuildFile; fileRef = 8F34828728C89CDF0042750B /* WebViewKeyboardFocusHelper.swift */; };
		8FE0DD2428C0B1510009A40B /* AppDelegate.swift in Sources */ = {isa = PBXBuildFile; fileRef = 8FE0DD2328C0B1510009A40B /* AppDelegate.swift */; };
		8FE0DD2628C0B1510009A40B /* SceneDelegate.swift in Sources */ = {isa = PBXBuildFile; fileRef = 8FE0DD2528C0B1510009A40B /* SceneDelegate.swift */; };
		8FE0DD2828C0B1510009A40B /* ViewController.swift in Sources */ = {isa = PBXBuildFile; fileRef = 8FE0DD2728C0B1510009A40B /* ViewController.swift */; };
		8FE0DD2D28C0B1540009A40B /* Assets.xcassets in Resources */ = {isa = PBXBuildFile; fileRef = 8FE0DD2C28C0B1540009A40B /* Assets.xcassets */; };
		8FE0DD3028C0B1540009A40B /* LaunchScreen.storyboard in Resources */ = {isa = PBXBuildFile; fileRef = 8FE0DD2E28C0B1540009A40B /* LaunchScreen.storyboard */; };
		8FE0DD3B28C0B1540009A40B /* WKWebViewKeyboardFocusTests.swift in Sources */ = {isa = PBXBuildFile; fileRef = 8FE0DD3A28C0B1540009A40B /* WKWebViewKeyboardFocusTests.swift */; };
		8FE0DD4528C0B1540009A40B /* WKWebViewKeyboardFocusUITests.swift in Sources */ = {isa = PBXBuildFile; fileRef = 8FE0DD4428C0B1540009A40B /* WKWebViewKeyboardFocusUITests.swift */; };
		8FE0DD4728C0B1540009A40B /* WKWebViewKeyboardFocusUITestsLaunchTests.swift in Sources */ = {isa = PBXBuildFile; fileRef = 8FE0DD4628C0B1540009A40B /* WKWebViewKeyboardFocusUITestsLaunchTests.swift */; };
		8FE0DD5428C0BBAB0009A40B /* demo.html in Resources */ = {isa = PBXBuildFile; fileRef = 8FE0DD5328C0BBAB0009A40B /* demo.html */; };
/* End PBXBuildFile section */

/* Begin PBXContainerItemProxy section */
		8FE0DD3728C0B1540009A40B /* PBXContainerItemProxy */ = {
			isa = PBXContainerItemProxy;
			containerPortal = 8FE0DD1828C0B1510009A40B /* Project object */;
			proxyType = 1;
			remoteGlobalIDString = 8FE0DD1F28C0B1510009A40B;
			remoteInfo = WKWebViewKeyboardFocus;
		};
		8FE0DD4128C0B1540009A40B /* PBXContainerItemProxy */ = {
			isa = PBXContainerItemProxy;
			containerPortal = 8FE0DD1828C0B1510009A40B /* Project object */;
			proxyType = 1;
			remoteGlobalIDString = 8FE0DD1F28C0B1510009A40B;
			remoteInfo = WKWebViewKeyboardFocus;
		};
/* End PBXContainerItemProxy section */

/* Begin PBXFileReference section */
		8F34828428C8796C0042750B /* README.md */ = {isa = PBXFileReference; lastKnownFileType = net.daringfireball.markdown; path = README.md; sourceTree = "<group>"; };
		8F34828728C89CDF0042750B /* WebViewKeyboardFocusHelper.swift */ = {isa = PBXFileReference; lastKnownFileType = sourcecode.swift; path = WebViewKeyboardFocusHelper.swift; sourceTree = "<group>"; };
		8FE0DD2028C0B1510009A40B /* WKWebViewKeyboardFocus.app */ = {isa = PBXFileReference; explicitFileType = wrapper.application; includeInIndex = 0; path = WKWebViewKeyboardFocus.app; sourceTree = BUILT_PRODUCTS_DIR; };
		8FE0DD2328C0B1510009A40B /* AppDelegate.swift */ = {isa = PBXFileReference; lastKnownFileType = sourcecode.swift; path = AppDelegate.swift; sourceTree = "<group>"; };
		8FE0DD2528C0B1510009A40B /* SceneDelegate.swift */ = {isa = PBXFileReference; lastKnownFileType = sourcecode.swift; path = SceneDelegate.swift; sourceTree = "<group>"; };
		8FE0DD2728C0B1510009A40B /* ViewController.swift */ = {isa = PBXFileReference; lastKnownFileType = sourcecode.swift; path = ViewController.swift; sourceTree = "<group>"; };
		8FE0DD2C28C0B1540009A40B /* Assets.xcassets */ = {isa = PBXFileReference; lastKnownFileType = folder.assetcatalog; path = Assets.xcassets; sourceTree = "<group>"; };
		8FE0DD2F28C0B1540009A40B /* Base */ = {isa = PBXFileReference; lastKnownFileType = file.storyboard; name = Base; path = Base.lproj/LaunchScreen.storyboard; sourceTree = "<group>"; };
		8FE0DD3128C0B1540009A40B /* Info.plist */ = {isa = PBXFileReference; lastKnownFileType = text.plist.xml; path = Info.plist; sourceTree = "<group>"; };
		8FE0DD3628C0B1540009A40B /* WKWebViewKeyboardFocusTests.xctest */ = {isa = PBXFileReference; explicitFileType = wrapper.cfbundle; includeInIndex = 0; path = WKWebViewKeyboardFocusTests.xctest; sourceTree = BUILT_PRODUCTS_DIR; };
		8FE0DD3A28C0B1540009A40B /* WKWebViewKeyboardFocusTests.swift */ = {isa = PBXFileReference; lastKnownFileType = sourcecode.swift; path = WKWebViewKeyboardFocusTests.swift; sourceTree = "<group>"; };
		8FE0DD4028C0B1540009A40B /* WKWebViewKeyboardFocusUITests.xctest */ = {isa = PBXFileReference; explicitFileType = wrapper.cfbundle; includeInIndex = 0; path = WKWebViewKeyboardFocusUITests.xctest; sourceTree = BUILT_PRODUCTS_DIR; };
		8FE0DD4428C0B1540009A40B /* WKWebViewKeyboardFocusUITests.swift */ = {isa = PBXFileReference; lastKnownFileType = sourcecode.swift; path = WKWebViewKeyboardFocusUITests.swift; sourceTree = "<group>"; };
		8FE0DD4628C0B1540009A40B /* WKWebViewKeyboardFocusUITestsLaunchTests.swift */ = {isa = PBXFileReference; lastKnownFileType = sourcecode.swift; path = WKWebViewKeyboardFocusUITestsLaunchTests.swift; sourceTree = "<group>"; };
		8FE0DD5328C0BBAB0009A40B /* demo.html */ = {isa = PBXFileReference; lastKnownFileType = text.html; path = demo.html; sourceTree = "<group>"; };
/* End PBXFileReference section */

/* Begin PBXFrameworksBuildPhase section */
		8FE0DD1D28C0B1510009A40B /* Frameworks */ = {
			isa = PBXFrameworksBuildPhase;
			buildActionMask = 2147483647;
			files = (
			);
			runOnlyForDeploymentPostprocessing = 0;
		};
		8FE0DD3328C0B1540009A40B /* Frameworks */ = {
			isa = PBXFrameworksBuildPhase;
			buildActionMask = 2147483647;
			files = (
			);
			runOnlyForDeploymentPostprocessing = 0;
		};
		8FE0DD3D28C0B1540009A40B /* Frameworks */ = {
			isa = PBXFrameworksBuildPhase;
			buildActionMask = 2147483647;
			files = (
			);
			runOnlyForDeploymentPostprocessing = 0;
		};
/* End PBXFrameworksBuildPhase section */

/* Begin PBXGroup section */
		8FE0DD1728C0B1510009A40B = {
			isa = PBXGroup;
			children = (
				8FE0DD2228C0B1510009A40B /* WKWebViewKeyboardFocus */,
				8FE0DD3928C0B1540009A40B /* WKWebViewKeyboardFocusTests */,
				8FE0DD4328C0B1540009A40B /* WKWebViewKeyboardFocusUITests */,
				8FE0DD2128C0B1510009A40B /* Products */,
			);
			sourceTree = "<group>";
		};
		8FE0DD2128C0B1510009A40B /* Products */ = {
			isa = PBXGroup;
			children = (
				8FE0DD2028C0B1510009A40B /* WKWebViewKeyboardFocus.app */,
				8FE0DD3628C0B1540009A40B /* WKWebViewKeyboardFocusTests.xctest */,
				8FE0DD4028C0B1540009A40B /* WKWebViewKeyboardFocusUITests.xctest */,
			);
			name = Products;
			sourceTree = "<group>";
		};
		8FE0DD2228C0B1510009A40B /* WKWebViewKeyboardFocus */ = {
			isa = PBXGroup;
			children = (
				8FE0DD2328C0B1510009A40B /* AppDelegate.swift */,
				8FE0DD2528C0B1510009A40B /* SceneDelegate.swift */,
				8FE0DD2728C0B1510009A40B /* ViewController.swift */,
				8F34828728C89CDF0042750B /* WebViewKeyboardFocusHelper.swift */,
				8FE0DD2C28C0B1540009A40B /* Assets.xcassets */,
				8FE0DD2E28C0B1540009A40B /* LaunchScreen.storyboard */,
				8FE0DD3128C0B1540009A40B /* Info.plist */,
				8FE0DD5328C0BBAB0009A40B /* demo.html */,
				8F34828428C8796C0042750B /* README.md */,
			);
			path = WKWebViewKeyboardFocus;
			sourceTree = "<group>";
		};
		8FE0DD3928C0B1540009A40B /* WKWebViewKeyboardFocusTests */ = {
			isa = PBXGroup;
			children = (
				8FE0DD3A28C0B1540009A40B /* WKWebViewKeyboardFocusTests.swift */,
			);
			path = WKWebViewKeyboardFocusTests;
			sourceTree = "<group>";
		};
		8FE0DD4328C0B1540009A40B /* WKWebViewKeyboardFocusUITests */ = {
			isa = PBXGroup;
			children = (
				8FE0DD4428C0B1540009A40B /* WKWebViewKeyboardFocusUITests.swift */,
				8FE0DD4628C0B1540009A40B /* WKWebViewKeyboardFocusUITestsLaunchTests.swift */,
			);
			path = WKWebViewKeyboardFocusUITests;
			sourceTree = "<group>";
		};
/* End PBXGroup section */

/* Begin PBXNativeTarget section */
		8FE0DD1F28C0B1510009A40B /* WKWebViewKeyboardFocus */ = {
			isa = PBXNativeTarget;
			buildConfigurationList = 8FE0DD4A28C0B1540009A40B /* Build configuration list for PBXNativeTarget "WKWebViewKeyboardFocus" */;
			buildPhases = (
				8FE0DD1C28C0B1510009A40B /* Sources */,
				8FE0DD1D28C0B1510009A40B /* Frameworks */,
				8FE0DD1E28C0B1510009A40B /* Resources */,
			);
			buildRules = (
			);
			dependencies = (
			);
			name = WKWebViewKeyboardFocus;
			productName = WKWebViewKeyboardFocus;
			productReference = 8FE0DD2028C0B1510009A40B /* WKWebViewKeyboardFocus.app */;
			productType = "com.apple.product-type.application";
		};
		8FE0DD3528C0B1540009A40B /* WKWebViewKeyboardFocusTests */ = {
			isa = PBXNativeTarget;
			buildConfigurationList = 8FE0DD4D28C0B1540009A40B /* Build configuration list for PBXNativeTarget "WKWebViewKeyboardFocusTests" */;
			buildPhases = (
				8FE0DD3228C0B1540009A40B /* Sources */,
				8FE0DD3328C0B1540009A40B /* Frameworks */,
				8FE0DD3428C0B1540009A40B /* Resources */,
			);
			buildRules = (
			);
			dependencies = (
				8FE0DD3828C0B1540009A40B /* PBXTargetDependency */,
			);
			name = WKWebViewKeyboardFocusTests;
			productName = WKWebViewKeyboardFocusTests;
			productReference = 8FE0DD3628C0B1540009A40B /* WKWebViewKeyboardFocusTests.xctest */;
			productType = "com.apple.product-type.bundle.unit-test";
		};
		8FE0DD3F28C0B1540009A40B /* WKWebViewKeyboardFocusUITests */ = {
			isa = PBXNativeTarget;
			buildConfigurationList = 8FE0DD5028C0B1540009A40B /* Build configuration list for PBXNativeTarget "WKWebViewKeyboardFocusUITests" */;
			buildPhases = (
				8FE0DD3C28C0B1540009A40B /* Sources */,
				8FE0DD3D28C0B1540009A40B /* Frameworks */,
				8FE0DD3E28C0B1540009A40B /* Resources */,
			);
			buildRules = (
			);
			dependencies = (
				8FE0DD4228C0B1540009A40B /* PBXTargetDependency */,
			);
			name = WKWebViewKeyboardFocusUITests;
			productName = WKWebViewKeyboardFocusUITests;
			productReference = 8FE0DD4028C0B1540009A40B /* WKWebViewKeyboardFocusUITests.xctest */;
			productType = "com.apple.product-type.bundle.ui-testing";
		};
/* End PBXNativeTarget section */

/* Begin PBXProject section */
		8FE0DD1828C0B1510009A40B /* Project object */ = {
			isa = PBXProject;
			attributes = {
				BuildIndependentTargetsInParallel = 1;
				LastSwiftUpdateCheck = 1340;
				LastUpgradeCheck = 1340;
				TargetAttributes = {
					8FE0DD1F28C0B1510009A40B = {
						CreatedOnToolsVersion = 13.4;
					};
					8FE0DD3528C0B1540009A40B = {
						CreatedOnToolsVersion = 13.4;
						TestTargetID = 8FE0DD1F28C0B1510009A40B;
					};
					8FE0DD3F28C0B1540009A40B = {
						CreatedOnToolsVersion = 13.4;
						TestTargetID = 8FE0DD1F28C0B1510009A40B;
					};
				};
			};
			buildConfigurationList = 8FE0DD1B28C0B1510009A40B /* Build configuration list for PBXProject "WKWebViewKeyboardFocus" */;
			compatibilityVersion = "Xcode 13.0";
			developmentRegion = en;
			hasScannedForEncodings = 0;
			knownRegions = (
				en,
				Base,
			);
			mainGroup = 8FE0DD1728C0B1510009A40B;
			productRefGroup = 8FE0DD2128C0B1510009A40B /* Products */;
			projectDirPath = "";
			projectRoot = "";
			targets = (
				8FE0DD1F28C0B1510009A40B /* WKWebViewKeyboardFocus */,
				8FE0DD3528C0B1540009A40B /* WKWebViewKeyboardFocusTests */,
				8FE0DD3F28C0B1540009A40B /* WKWebViewKeyboardFocusUITests */,
			);
		};
/* End PBXProject section */

/* Begin PBXResourcesBuildPhase section */
		8FE0DD1E28C0B1510009A40B /* Resources */ = {
			isa = PBXResourcesBuildPhase;
			buildActionMask = 2147483647;
			files = (
				8FE0DD3028C0B1540009A40B /* LaunchScreen.storyboard in Resources */,
				8FE0DD5428C0BBAB0009A40B /* demo.html in Resources */,
				8FE0DD2D28C0B1540009A40B /* Assets.xcassets in Resources */,
			);
			runOnlyForDeploymentPostprocessing = 0;
		};
		8FE0DD3428C0B1540009A40B /* Resources */ = {
			isa = PBXResourcesBuildPhase;
			buildActionMask = 2147483647;
			files = (
			);
			runOnlyForDeploymentPostprocessing = 0;
		};
		8FE0DD3E28C0B1540009A40B /* Resources */ = {
			isa = PBXResourcesBuildPhase;
			buildActionMask = 2147483647;
			files = (
			);
			runOnlyForDeploymentPostprocessing = 0;
		};
/* End PBXResourcesBuildPhase section */

/* Begin PBXSourcesBuildPhase section */
		8FE0DD1C28C0B1510009A40B /* Sources */ = {
			isa = PBXSourcesBuildPhase;
			buildActionMask = 2147483647;
			files = (
				8FE0DD2828C0B1510009A40B /* ViewController.swift in Sources */,
				8FE0DD2428C0B1510009A40B /* AppDelegate.swift in Sources */,
				8F34828828C89CDF0042750B /* WebViewKeyboardFocusHelper.swift in Sources */,
				8FE0DD2628C0B1510009A40B /* SceneDelegate.swift in Sources */,
			);
			runOnlyForDeploymentPostprocessing = 0;
		};
		8FE0DD3228C0B1540009A40B /* Sources */ = {
			isa = PBXSourcesBuildPhase;
			buildActionMask = 2147483647;
			files = (
				8FE0DD3B28C0B1540009A40B /* WKWebViewKeyboardFocusTests.swift in Sources */,
			);
			runOnlyForDeploymentPostprocessing = 0;
		};
		8FE0DD3C28C0B1540009A40B /* Sources */ = {
			isa = PBXSourcesBuildPhase;
			buildActionMask = 2147483647;
			files = (
				8FE0DD4728C0B1540009A40B /* WKWebViewKeyboardFocusUITestsLaunchTests.swift in Sources */,
				8FE0DD4528C0B1540009A40B /* WKWebViewKeyboardFocusUITests.swift in Sources */,
			);
			runOnlyForDeploymentPostprocessing = 0;
		};
/* End PBXSourcesBuildPhase section */

/* Begin PBXTargetDependency section */
		8FE0DD3828C0B1540009A40B /* PBXTargetDependency */ = {
			isa = PBXTargetDependency;
			target = 8FE0DD1F28C0B1510009A40B /* WKWebViewKeyboardFocus */;
			targetProxy = 8FE0DD3728C0B1540009A40B /* PBXContainerItemProxy */;
		};
		8FE0DD4228C0B1540009A40B /* PBXTargetDependency */ = {
			isa = PBXTargetDependency;
			target = 8FE0DD1F28C0B1510009A40B /* WKWebViewKeyboardFocus */;
			targetProxy = 8FE0DD4128C0B1540009A40B /* PBXContainerItemProxy */;
		};
/* End PBXTargetDependency section */

/* Begin PBXVariantGroup section */
		8FE0DD2E28C0B1540009A40B /* LaunchScreen.storyboard */ = {
			isa = PBXVariantGroup;
			children = (
				8FE0DD2F28C0B1540009A40B /* Base */,
			);
			name = LaunchScreen.storyboard;
			sourceTree = "<group>";
		};
/* End PBXVariantGroup section */

/* Begin XCBuildConfiguration section */
		8FE0DD4828C0B1540009A40B /* Debug */ = {
			isa = XCBuildConfiguration;
			buildSettings = {
				ALWAYS_SEARCH_USER_PATHS = NO;
				CLANG_ANALYZER_NONNULL = YES;
				CLANG_ANALYZER_NUMBER_OBJECT_CONVERSION = YES_AGGRESSIVE;
				CLANG_CXX_LANGUAGE_STANDARD = "gnu++17";
				CLANG_ENABLE_MODULES = YES;
				CLANG_ENABLE_OBJC_ARC = YES;
				CLANG_ENABLE_OBJC_WEAK = YES;
				CLANG_WARN_BLOCK_CAPTURE_AUTORELEASING = YES;
				CLANG_WARN_BOOL_CONVERSION = YES;
				CLANG_WARN_COMMA = YES;
				CLANG_WARN_CONSTANT_CONVERSION = YES;
				CLANG_WARN_DEPRECATED_OBJC_IMPLEMENTATIONS = YES;
				CLANG_WARN_DIRECT_OBJC_ISA_USAGE = YES_ERROR;
				CLANG_WARN_DOCUMENTATION_COMMENTS = YES;
				CLANG_WARN_EMPTY_BODY = YES;
				CLANG_WARN_ENUM_CONVERSION = YES;
				CLANG_WARN_INFINITE_RECURSION = YES;
				CLANG_WARN_INT_CONVERSION = YES;
				CLANG_WARN_NON_LITERAL_NULL_CONVERSION = YES;
				CLANG_WARN_OBJC_IMPLICIT_RETAIN_SELF = YES;
				CLANG_WARN_OBJC_LITERAL_CONVERSION = YES;
				CLANG_WARN_OBJC_ROOT_CLASS = YES_ERROR;
				CLANG_WARN_QUOTED_INCLUDE_IN_FRAMEWORK_HEADER = YES;
				CLANG_WARN_RANGE_LOOP_ANALYSIS = YES;
				CLANG_WARN_STRICT_PROTOTYPES = YES;
				CLANG_WARN_SUSPICIOUS_MOVE = YES;
				CLANG_WARN_UNGUARDED_AVAILABILITY = YES_AGGRESSIVE;
				CLANG_WARN_UNREACHABLE_CODE = YES;
				CLANG_WARN__DUPLICATE_METHOD_MATCH = YES;
				COPY_PHASE_STRIP = NO;
				DEBUG_INFORMATION_FORMAT = dwarf;
				ENABLE_STRICT_OBJC_MSGSEND = YES;
				ENABLE_TESTABILITY = YES;
				GCC_C_LANGUAGE_STANDARD = gnu11;
				GCC_DYNAMIC_NO_PIC = NO;
				GCC_NO_COMMON_BLOCKS = YES;
				GCC_OPTIMIZATION_LEVEL = 0;
				GCC_PREPROCESSOR_DEFINITIONS = (
					"DEBUG=1",
					"$(inherited)",
				);
				GCC_WARN_64_TO_32_BIT_CONVERSION = YES;
				GCC_WARN_ABOUT_RETURN_TYPE = YES_ERROR;
				GCC_WARN_UNDECLARED_SELECTOR = YES;
				GCC_WARN_UNINITIALIZED_AUTOS = YES_AGGRESSIVE;
				GCC_WARN_UNUSED_FUNCTION = YES;
				GCC_WARN_UNUSED_VARIABLE = YES;
				IPHONEOS_DEPLOYMENT_TARGET = 15.5;
				MTL_ENABLE_DEBUG_INFO = INCLUDE_SOURCE;
				MTL_FAST_MATH = YES;
				ONLY_ACTIVE_ARCH = YES;
				SDKROOT = iphoneos;
				SWIFT_ACTIVE_COMPILATION_CONDITIONS = DEBUG;
				SWIFT_OPTIMIZATION_LEVEL = "-Onone";
			};
			name = Debug;
		};
		8FE0DD4928C0B1540009A40B /* Release */ = {
			isa = XCBuildConfiguration;
			buildSettings = {
				ALWAYS_SEARCH_USER_PATHS = NO;
				CLANG_ANALYZER_NONNULL = YES;
				CLANG_ANALYZER_NUMBER_OBJECT_CONVERSION = YES_AGGRESSIVE;
				CLANG_CXX_LANGUAGE_STANDARD = "gnu++17";
				CLANG_ENABLE_MODULES = YES;
				CLANG_ENABLE_OBJC_ARC = YES;
				CLANG_ENABLE_OBJC_WEAK = YES;
				CLANG_WARN_BLOCK_CAPTURE_AUTORELEASING = YES;
				CLANG_WARN_BOOL_CONVERSION = YES;
				CLANG_WARN_COMMA = YES;
				CLANG_WARN_CONSTANT_CONVERSION = YES;
				CLANG_WARN_DEPRECATED_OBJC_IMPLEMENTATIONS = YES;
				CLANG_WARN_DIRECT_OBJC_ISA_USAGE = YES_ERROR;
				CLANG_WARN_DOCUMENTATION_COMMENTS = YES;
				CLANG_WARN_EMPTY_BODY = YES;
				CLANG_WARN_ENUM_CONVERSION = YES;
				CLANG_WARN_INFINITE_RECURSION = YES;
				CLANG_WARN_INT_CONVERSION = YES;
				CLANG_WARN_NON_LITERAL_NULL_CONVERSION = YES;
				CLANG_WARN_OBJC_IMPLICIT_RETAIN_SELF = YES;
				CLANG_WARN_OBJC_LITERAL_CONVERSION = YES;
				CLANG_WARN_OBJC_ROOT_CLASS = YES_ERROR;
				CLANG_WARN_QUOTED_INCLUDE_IN_FRAMEWORK_HEADER = YES;
				CLANG_WARN_RANGE_LOOP_ANALYSIS = YES;
				CLANG_WARN_STRICT_PROTOTYPES = YES;
				CLANG_WARN_SUSPICIOUS_MOVE = YES;
				CLANG_WARN_UNGUARDED_AVAILABILITY = YES_AGGRESSIVE;
				CLANG_WARN_UNREACHABLE_CODE = YES;
				CLANG_WARN__DUPLICATE_METHOD_MATCH = YES;
				COPY_PHASE_STRIP = NO;
				DEBUG_INFORMATION_FORMAT = "dwarf-with-dsym";
				ENABLE_NS_ASSERTIONS = NO;
				ENABLE_STRICT_OBJC_MSGSEND = YES;
				GCC_C_LANGUAGE_STANDARD = gnu11;
				GCC_NO_COMMON_BLOCKS = YES;
				GCC_WARN_64_TO_32_BIT_CONVERSION = YES;
				GCC_WARN_ABOUT_RETURN_TYPE = YES_ERROR;
				GCC_WARN_UNDECLARED_SELECTOR = YES;
				GCC_WARN_UNINITIALIZED_AUTOS = YES_AGGRESSIVE;
				GCC_WARN_UNUSED_FUNCTION = YES;
				GCC_WARN_UNUSED_VARIABLE = YES;
				IPHONEOS_DEPLOYMENT_TARGET = 15.5;
				MTL_ENABLE_DEBUG_INFO = NO;
				MTL_FAST_MATH = YES;
				SDKROOT = iphoneos;
				SWIFT_COMPILATION_MODE = wholemodule;
				SWIFT_OPTIMIZATION_LEVEL = "-O";
				VALIDATE_PRODUCT = YES;
			};
			name = Release;
		};
		8FE0DD4B28C0B1540009A40B /* Debug */ = {
			isa = XCBuildConfiguration;
			buildSettings = {
				ASSETCATALOG_COMPILER_APPICON_NAME = AppIcon;
				ASSETCATALOG_COMPILER_GLOBAL_ACCENT_COLOR_NAME = AccentColor;
				CODE_SIGN_STYLE = Automatic;
				CURRENT_PROJECT_VERSION = 1;
				DEVELOPMENT_TEAM = CZ4S46HB3C;
				GENERATE_INFOPLIST_FILE = YES;
				INFOPLIST_FILE = WKWebViewKeyboardFocus/Info.plist;
				INFOPLIST_KEY_UIApplicationSupportsIndirectInputEvents = YES;
				INFOPLIST_KEY_UILaunchStoryboardName = LaunchScreen;
				INFOPLIST_KEY_UISupportedInterfaceOrientations_iPad = "UIInterfaceOrientationPortrait UIInterfaceOrientationPortraitUpsideDown UIInterfaceOrientationLandscapeLeft UIInterfaceOrientationLandscapeRight";
				INFOPLIST_KEY_UISupportedInterfaceOrientations_iPhone = "UIInterfaceOrientationPortrait UIInterfaceOrientationLandscapeLeft UIInterfaceOrientationLandscapeRight";
				LD_RUNPATH_SEARCH_PATHS = (
					"$(inherited)",
					"@executable_path/Frameworks",
				);
				MARKETING_VERSION = 1.0;
				PRODUCT_BUNDLE_IDENTIFIER = com.springenwerk.WKWebViewKeyboardFocus;
				PRODUCT_NAME = "$(TARGET_NAME)";
				SWIFT_EMIT_LOC_STRINGS = YES;
				SWIFT_VERSION = 5.0;
				TARGETED_DEVICE_FAMILY = "1,2";
			};
			name = Debug;
		};
		8FE0DD4C28C0B1540009A40B /* Release */ = {
			isa = XCBuildConfiguration;
			buildSettings = {
				ASSETCATALOG_COMPILER_APPICON_NAME = AppIcon;
				ASSETCATALOG_COMPILER_GLOBAL_ACCENT_COLOR_NAME = AccentColor;
				CODE_SIGN_STYLE = Automatic;
				CURRENT_PROJECT_VERSION = 1;
				DEVELOPMENT_TEAM = CZ4S46HB3C;
				GENERATE_INFOPLIST_FILE = YES;
				INFOPLIST_FILE = WKWebViewKeyboardFocus/Info.plist;
				INFOPLIST_KEY_UIApplicationSupportsIndirectInputEvents = YES;
				INFOPLIST_KEY_UILaunchStoryboardName = LaunchScreen;
				INFOPLIST_KEY_UISupportedInterfaceOrientations_iPad = "UIInterfaceOrientationPortrait UIInterfaceOrientationPortraitUpsideDown UIInterfaceOrientationLandscapeLeft UIInterfaceOrientationLandscapeRight";
				INFOPLIST_KEY_UISupportedInterfaceOrientations_iPhone = "UIInterfaceOrientationPortrait UIInterfaceOrientationLandscapeLeft UIInterfaceOrientationLandscapeRight";
				LD_RUNPATH_SEARCH_PATHS = (
					"$(inherited)",
					"@executable_path/Frameworks",
				);
				MARKETING_VERSION = 1.0;
				PRODUCT_BUNDLE_IDENTIFIER = com.springenwerk.WKWebViewKeyboardFocus;
				PRODUCT_NAME = "$(TARGET_NAME)";
				SWIFT_EMIT_LOC_STRINGS = YES;
				SWIFT_VERSION = 5.0;
				TARGETED_DEVICE_FAMILY = "1,2";
			};
			name = Release;
		};
		8FE0DD4E28C0B1540009A40B /* Debug */ = {
			isa = XCBuildConfiguration;
			buildSettings = {
				ALWAYS_EMBED_SWIFT_STANDARD_LIBRARIES = YES;
				BUNDLE_LOADER = "$(TEST_HOST)";
				CODE_SIGN_STYLE = Automatic;
				CURRENT_PROJECT_VERSION = 1;
				DEVELOPMENT_TEAM = CZ4S46HB3C;
				GENERATE_INFOPLIST_FILE = YES;
				IPHONEOS_DEPLOYMENT_TARGET = 15.5;
				MARKETING_VERSION = 1.0;
				PRODUCT_BUNDLE_IDENTIFIER = com.springenwerk.WKWebViewKeyboardFocusTests;
				PRODUCT_NAME = "$(TARGET_NAME)";
				SWIFT_EMIT_LOC_STRINGS = NO;
				SWIFT_VERSION = 5.0;
				TARGETED_DEVICE_FAMILY = "1,2";
				TEST_HOST = "$(BUILT_PRODUCTS_DIR)/WKWebViewKeyboardFocus.app/WKWebViewKeyboardFocus";
			};
			name = Debug;
		};
		8FE0DD4F28C0B1540009A40B /* Release */ = {
			isa = XCBuildConfiguration;
			buildSettings = {
				ALWAYS_EMBED_SWIFT_STANDARD_LIBRARIES = YES;
				BUNDLE_LOADER = "$(TEST_HOST)";
				CODE_SIGN_STYLE = Automatic;
				CURRENT_PROJECT_VERSION = 1;
				DEVELOPMENT_TEAM = CZ4S46HB3C;
				GENERATE_INFOPLIST_FILE = YES;
				IPHONEOS_DEPLOYMENT_TARGET = 15.5;
				MARKETING_VERSION = 1.0;
				PRODUCT_BUNDLE_IDENTIFIER = com.springenwerk.WKWebViewKeyboardFocusTests;
				PRODUCT_NAME = "$(TARGET_NAME)";
				SWIFT_EMIT_LOC_STRINGS = NO;
				SWIFT_VERSION = 5.0;
				TARGETED_DEVICE_FAMILY = "1,2";
				TEST_HOST = "$(BUILT_PRODUCTS_DIR)/WKWebViewKeyboardFocus.app/WKWebViewKeyboardFocus";
			};
			name = Release;
		};
		8FE0DD5128C0B1540009A40B /* Debug */ = {
			isa = XCBuildConfiguration;
			buildSettings = {
				ALWAYS_EMBED_SWIFT_STANDARD_LIBRARIES = YES;
				CODE_SIGN_STYLE = Automatic;
				CURRENT_PROJECT_VERSION = 1;
				DEVELOPMENT_TEAM = CZ4S46HB3C;
				GENERATE_INFOPLIST_FILE = YES;
				MARKETING_VERSION = 1.0;
				PRODUCT_BUNDLE_IDENTIFIER = com.springenwerk.WKWebViewKeyboardFocusUITests;
				PRODUCT_NAME = "$(TARGET_NAME)";
				SWIFT_EMIT_LOC_STRINGS = NO;
				SWIFT_VERSION = 5.0;
				TARGETED_DEVICE_FAMILY = "1,2";
				TEST_TARGET_NAME = WKWebViewKeyboardFocus;
			};
			name = Debug;
		};
		8FE0DD5228C0B1540009A40B /* Release */ = {
			isa = XCBuildConfiguration;
			buildSettings = {
				ALWAYS_EMBED_SWIFT_STANDARD_LIBRARIES = YES;
				CODE_SIGN_STYLE = Automatic;
				CURRENT_PROJECT_VERSION = 1;
				DEVELOPMENT_TEAM = CZ4S46HB3C;
				GENERATE_INFOPLIST_FILE = YES;
				MARKETING_VERSION = 1.0;
				PRODUCT_BUNDLE_IDENTIFIER = com.springenwerk.WKWebViewKeyboardFocusUITests;
				PRODUCT_NAME = "$(TARGET_NAME)";
				SWIFT_EMIT_LOC_STRINGS = NO;
				SWIFT_VERSION = 5.0;
				TARGETED_DEVICE_FAMILY = "1,2";
				TEST_TARGET_NAME = WKWebViewKeyboardFocus;
			};
			name = Release;
		};
/* End XCBuildConfiguration section */

/* Begin XCConfigurationList section */
		8FE0DD1B28C0B1510009A40B /* Build configuration list for PBXProject "WKWebViewKeyboardFocus" */ = {
			isa = XCConfigurationList;
			buildConfigurations = (
				8FE0DD4828C0B1540009A40B /* Debug */,
				8FE0DD4928C0B1540009A40B /* Release */,
			);
			defaultConfigurationIsVisible = 0;
			defaultConfigurationName = Release;
		};
		8FE0DD4A28C0B1540009A40B /* Build configuration list for PBXNativeTarget "WKWebViewKeyboardFocus" */ = {
			isa = XCConfigurationList;
			buildConfigurations = (
				8FE0DD4B28C0B1540009A40B /* Debug */,
				8FE0DD4C28C0B1540009A40B /* Release */,
			);
			defaultConfigurationIsVisible = 0;
			defaultConfigurationName = Release;
		};
		8FE0DD4D28C0B1540009A40B /* Build configuration list for PBXNativeTarget "WKWebViewKeyboardFocusTests" */ = {
			isa = XCConfigurationList;
			buildConfigurations = (
				8FE0DD4E28C0B1540009A40B /* Debug */,
				8FE0DD4F28C0B1540009A40B /* Release */,
			);
			defaultConfigurationIsVisible = 0;
			defaultConfigurationName = Release;
		};
		8FE0DD5028C0B1540009A40B /* Build configuration list for PBXNativeTarget "WKWebViewKeyboardFocusUITests" */ = {
			isa = XCConfigurationList;
			buildConfigurations = (
				8FE0DD5128C0B1540009A40B /* Debug */,
				8FE0DD5228C0B1540009A40B /* Release */,
			);
			defaultConfigurationIsVisible = 0;
			defaultConfigurationName = Release;
		};
/* End XCConfigurationList section */
	};
	rootObject = 8FE0DD1828C0B1510009A40B /* Project object */;
}
