// !$*UTF8*$!
{
	archiveVersion = 1;
	classes = {
	};
	objectVersion = 55;
	objects = {

/* Begin PBXBuildFile section */
		8F34829828C9C5AD0042750B /* AppDelegate.swift in Sources */ = {isa = PBXBuildFile; fileRef = 8F34829728C9C5AD0042750B /* AppDelegate.swift */; };
		8F34829A28C9C5AD0042750B /* SceneDelegate.swift in Sources */ = {isa = PBXBuildFile; fileRef = 8F34829928C9C5AD0042750B /* SceneDelegate.swift */; };
		8F34829C28C9C5AD0042750B /* ViewController.swift in Sources */ = {isa = PBXBuildFile; fileRef = 8F34829B28C9C5AD0042750B /* ViewController.swift */; };
		8F3482A128C9C5AE0042750B /* Assets.xcassets in Resources */ = {isa = PBXBuildFile; fileRef = 8F3482A028C9C5AE0042750B /* Assets.xcassets */; };
		8F3482A428C9C5AE0042750B /* LaunchScreen.storyboard in Resources */ = {isa = PBXBuildFile; fileRef = 8F3482A228C9C5AE0042750B /* LaunchScreen.storyboard */; };
		8F3482AD28C9EDF30042750B /* UIMenuBarItemSwiftMontereyCrashFix.swift in Sources */ = {isa = PBXBuildFile; fileRef = 8F3482AC28C9EDF30042750B /* UIMenuBarItemSwiftMontereyCrashFix.swift */; };
		8F3482B028C9F6720042750B /* UIMenuBarItemObjCMontereyCrashFix.m in Sources */ = {isa = PBXBuildFile; fileRef = 8F3482AF28C9F6720042750B /* UIMenuBarItemObjCMontereyCrashFix.m */; };
/* End PBXBuildFile section */

/* Begin PBXFileReference section */
		8F34829428C9C5AD0042750B /* ContextMenuCrash.app */ = {isa = PBXFileReference; explicitFileType = wrapper.application; includeInIndex = 0; path = ContextMenuCrash.app; sourceTree = BUILT_PRODUCTS_DIR; };
		8F34829728C9C5AD0042750B /* AppDelegate.swift */ = {isa = PBXFileReference; lastKnownFileType = sourcecode.swift; path = AppDelegate.swift; sourceTree = "<group>"; };
		8F34829928C9C5AD0042750B /* SceneDelegate.swift */ = {isa = PBXFileReference; lastKnownFileType = sourcecode.swift; path = SceneDelegate.swift; sourceTree = "<group>"; };
		8F34829B28C9C5AD0042750B /* ViewController.swift */ = {isa = PBXFileReference; lastKnownFileType = sourcecode.swift; path = ViewController.swift; sourceTree = "<group>"; };
		8F3482A028C9C5AE0042750B /* Assets.xcassets */ = {isa = PBXFileReference; lastKnownFileType = folder.assetcatalog; path = Assets.xcassets; sourceTree = "<group>"; };
		8F3482A328C9C5AE0042750B /* Base */ = {isa = PBXFileReference; lastKnownFileType = file.storyboard; name = Base; path = Base.lproj/LaunchScreen.storyboard; sourceTree = "<group>"; };
		8F3482A528C9C5AE0042750B /* Info.plist */ = {isa = PBXFileReference; lastKnownFileType = text.plist.xml; path = Info.plist; sourceTree = "<group>"; };
		8F3482AB28C9CA980042750B /* README.md */ = {isa = PBXFileReference; lastKnownFileType = net.daringfireball.markdown; path = README.md; sourceTree = "<group>"; };
		8F3482AC28C9EDF30042750B /* UIMenuBarItemSwiftMontereyCrashFix.swift */ = {isa = PBXFileReference; lastKnownFileType = sourcecode.swift; path = UIMenuBarItemSwiftMontereyCrashFix.swift; sourceTree = "<group>"; };
		8F3482AE28C9F6720042750B /* ContextMenuCrash-Bridging-Header.h */ = {isa = PBXFileReference; lastKnownFileType = sourcecode.c.h; path = "ContextMenuCrash-Bridging-Header.h"; sourceTree = "<group>"; };
		8F3482AF28C9F6720042750B /* UIMenuBarItemObjCMontereyCrashFix.m */ = {isa = PBXFileReference; lastKnownFileType = sourcecode.c.objc; path = UIMenuBarItemObjCMontereyCrashFix.m; sourceTree = "<group>"; };
		8F3482B128C9F6E30042750B /* UIMenuBarItemObjCMontereyCrashFix.h */ = {isa = PBXFileReference; lastKnownFileType = sourcecode.c.h; path = UIMenuBarItemObjCMontereyCrashFix.h; sourceTree = "<group>"; };
/* End PBXFileReference section */

/* Begin PBXFrameworksBuildPhase section */
		8F34829128C9C5AD0042750B /* Frameworks */ = {
			isa = PBXFrameworksBuildPhase;
			buildActionMask = 2147483647;
			files = (
			);
			runOnlyForDeploymentPostprocessing = 0;
		};
/* End PBXFrameworksBuildPhase section */

/* Begin PBXGroup section */
		8F34828B28C9C5AD0042750B = {
			isa = PBXGroup;
			children = (
				8F34829628C9C5AD0042750B /* ContextMenuCrash */,
				8F34829528C9C5AD0042750B /* Products */,
			);
			sourceTree = "<group>";
		};
		8F34829528C9C5AD0042750B /* Products */ = {
			isa = PBXGroup;
			children = (
				8F34829428C9C5AD0042750B /* ContextMenuCrash.app */,
			);
			name = Products;
			sourceTree = "<group>";
		};
		8F34829628C9C5AD0042750B /* ContextMenuCrash */ = {
			isa = PBXGroup;
			children = (
				8F34829728C9C5AD0042750B /* AppDelegate.swift */,
				8F34829928C9C5AD0042750B /* SceneDelegate.swift */,
				8F34829B28C9C5AD0042750B /* ViewController.swift */,
				8F3482AC28C9EDF30042750B /* UIMenuBarItemSwiftMontereyCrashFix.swift */,
				8F3482A028C9C5AE0042750B /* Assets.xcassets */,
				8F3482A228C9C5AE0042750B /* LaunchScreen.storyboard */,
				8F3482A528C9C5AE0042750B /* Info.plist */,
				8F3482AB28C9CA980042750B /* README.md */,
				8F3482B128C9F6E30042750B /* UIMenuBarItemObjCMontereyCrashFix.h */,
				8F3482AF28C9F6720042750B /* UIMenuBarItemObjCMontereyCrashFix.m */,
				8F3482AE28C9F6720042750B /* ContextMenuCrash-Bridging-Header.h */,
			);
			path = ContextMenuCrash;
			sourceTree = "<group>";
		};
/* End PBXGroup section */

/* Begin PBXNativeTarget section */
		8F34829328C9C5AD0042750B /* ContextMenuCrash */ = {
			isa = PBXNativeTarget;
			buildConfigurationList = 8F3482A828C9C5AE0042750B /* Build configuration list for PBXNativeTarget "ContextMenuCrash" */;
			buildPhases = (
				8F34829028C9C5AD0042750B /* Sources */,
				8F34829128C9C5AD0042750B /* Frameworks */,
				8F34829228C9C5AD0042750B /* Resources */,
			);
			buildRules = (
			);
			dependencies = (
			);
			name = ContextMenuCrash;
			productName = ContextMenuCrash;
			productReference = 8F34829428C9C5AD0042750B /* ContextMenuCrash.app */;
			productType = "com.apple.product-type.application";
		};
/* End PBXNativeTarget section */

/* Begin PBXProject section */
		8F34828C28C9C5AD0042750B /* Project object */ = {
			isa = PBXProject;
			attributes = {
				BuildIndependentTargetsInParallel = 1;
				LastSwiftUpdateCheck = 1340;
				LastUpgradeCheck = 1340;
				TargetAttributes = {
					8F34829328C9C5AD0042750B = {
						CreatedOnToolsVersion = 13.4;
						LastSwiftMigration = 1340;
					};
				};
			};
			buildConfigurationList = 8F34828F28C9C5AD0042750B /* Build configuration list for PBXProject "ContextMenuCrash" */;
			compatibilityVersion = "Xcode 13.0";
			developmentRegion = en;
			hasScannedForEncodings = 0;
			knownRegions = (
				en,
				Base,
			);
			mainGroup = 8F34828B28C9C5AD0042750B;
			productRefGroup = 8F34829528C9C5AD0042750B /* Products */;
			projectDirPath = "";
			projectRoot = "";
			targets = (
				8F34829328C9C5AD0042750B /* ContextMenuCrash */,
			);
		};
/* End PBXProject section */

/* Begin PBXResourcesBuildPhase section */
		8F34829228C9C5AD0042750B /* Resources */ = {
			isa = PBXResourcesBuildPhase;
			buildActionMask = 2147483647;
			files = (
				8F3482A428C9C5AE0042750B /* LaunchScreen.storyboard in Resources */,
				8F3482A128C9C5AE0042750B /* Assets.xcassets in Resources */,
			);
			runOnlyForDeploymentPostprocessing = 0;
		};
/* End PBXResourcesBuildPhase section */

/* Begin PBXSourcesBuildPhase section */
		8F34829028C9C5AD0042750B /* Sources */ = {
			isa = PBXSourcesBuildPhase;
			buildActionMask = 2147483647;
			files = (
				8F3482AD28C9EDF30042750B /* UIMenuBarItemSwiftMontereyCrashFix.swift in Sources */,
				8F34829C28C9C5AD0042750B /* ViewController.swift in Sources */,
				8F34829828C9C5AD0042750B /* AppDelegate.swift in Sources */,
				8F3482B028C9F6720042750B /* UIMenuBarItemObjCMontereyCrashFix.m in Sources */,
				8F34829A28C9C5AD0042750B /* SceneDelegate.swift in Sources */,
			);
			runOnlyForDeploymentPostprocessing = 0;
		};
/* End PBXSourcesBuildPhase section */

/* Begin PBXVariantGroup section */
		8F3482A228C9C5AE0042750B /* LaunchScreen.storyboard */ = {
			isa = PBXVariantGroup;
			children = (
				8F3482A328C9C5AE0042750B /* Base */,
			);
			name = LaunchScreen.storyboard;
			sourceTree = "<group>";
		};
/* End PBXVariantGroup section */

/* Begin XCBuildConfiguration section */
		8F3482A628C9C5AE0042750B /* Debug */ = {
			isa = XCBuildConfiguration;
			buildSettings = {
				ALWAYS_SEARCH_USER_PATHS = NO;
				CLANG_ANALYZER_NONNULL = YES;
				CLANG_ANALYZER_NUMBER_OBJECT_CONVERSION = YES_AGGRESSIVE;
				CLANG_CXX_LANGUAGE_STANDARD = "gnu++17";
				CLANG_ENABLE_MODULES = YES;
				CLANG_ENABLE_OBJC_ARC = YES;
				CLANG_ENABLE_OBJC_WEAK = YES;
				CLANG_WARN_BLOCK_CAPTURE_AUTORELEASING = YES;
				CLANG_WARN_BOOL_CONVERSION = YES;
				CLANG_WARN_COMMA = YES;
				CLANG_WARN_CONSTANT_CONVERSION = YES;
				CLANG_WARN_DEPRECATED_OBJC_IMPLEMENTATIONS = YES;
				CLANG_WARN_DIRECT_OBJC_ISA_USAGE = YES_ERROR;
				CLANG_WARN_DOCUMENTATION_COMMENTS = YES;
				CLANG_WARN_EMPTY_BODY = YES;
				CLANG_WARN_ENUM_CONVERSION = YES;
				CLANG_WARN_INFINITE_RECURSION = YES;
				CLANG_WARN_INT_CONVERSION = YES;
				CLANG_WARN_NON_LITERAL_NULL_CONVERSION = YES;
				CLANG_WARN_OBJC_IMPLICIT_RETAIN_SELF = YES;
				CLANG_WARN_OBJC_LITERAL_CONVERSION = YES;
				CLANG_WARN_OBJC_ROOT_CLASS = YES_ERROR;
				CLANG_WARN_QUOTED_INCLUDE_IN_FRAMEWORK_HEADER = YES;
				CLANG_WARN_RANGE_LOOP_ANALYSIS = YES;
				CLANG_WARN_STRICT_PROTOTYPES = YES;
				CLANG_WARN_SUSPICIOUS_MOVE = YES;
				CLANG_WARN_UNGUARDED_AVAILABILITY = YES_AGGRESSIVE;
				CLANG_WARN_UNREACHABLE_CODE = YES;
				CLANG_WARN__DUPLICATE_METHOD_MATCH = YES;
				COPY_PHASE_STRIP = NO;
				DEBUG_INFORMATION_FORMAT = dwarf;
				ENABLE_STRICT_OBJC_MSGSEND = YES;
				ENABLE_TESTABILITY = YES;
				GCC_C_LANGUAGE_STANDARD = gnu11;
				GCC_DYNAMIC_NO_PIC = NO;
				GCC_NO_COMMON_BLOCKS = YES;
				GCC_OPTIMIZATION_LEVEL = 0;
				GCC_PREPROCESSOR_DEFINITIONS = (
					"DEBUG=1",
					"$(inherited)",
				);
				GCC_WARN_64_TO_32_BIT_CONVERSION = YES;
				GCC_WARN_ABOUT_RETURN_TYPE = YES_ERROR;
				GCC_WARN_UNDECLARED_SELECTOR = YES;
				GCC_WARN_UNINITIALIZED_AUTOS = YES_AGGRESSIVE;
				GCC_WARN_UNUSED_FUNCTION = YES;
				GCC_WARN_UNUSED_VARIABLE = YES;
				IPHONEOS_DEPLOYMENT_TARGET = 15.5;
				MTL_ENABLE_DEBUG_INFO = INCLUDE_SOURCE;
				MTL_FAST_MATH = YES;
				ONLY_ACTIVE_ARCH = YES;
				SDKROOT = iphoneos;
				SWIFT_ACTIVE_COMPILATION_CONDITIONS = DEBUG;
				SWIFT_OPTIMIZATION_LEVEL = "-Onone";
			};
			name = Debug;
		};
		8F3482A728C9C5AE0042750B /* Release */ = {
			isa = XCBuildConfiguration;
			buildSettings = {
				ALWAYS_SEARCH_USER_PATHS = NO;
				CLANG_ANALYZER_NONNULL = YES;
				CLANG_ANALYZER_NUMBER_OBJECT_CONVERSION = YES_AGGRESSIVE;
				CLANG_CXX_LANGUAGE_STANDARD = "gnu++17";
				CLANG_ENABLE_MODULES = YES;
				CLANG_ENABLE_OBJC_ARC = YES;
				CLANG_ENABLE_OBJC_WEAK = YES;
				CLANG_WARN_BLOCK_CAPTURE_AUTORELEASING = YES;
				CLANG_WARN_BOOL_CONVERSION = YES;
				CLANG_WARN_COMMA = YES;
				CLANG_WARN_CONSTANT_CONVERSION = YES;
				CLANG_WARN_DEPRECATED_OBJC_IMPLEMENTATIONS = YES;
				CLANG_WARN_DIRECT_OBJC_ISA_USAGE = YES_ERROR;
				CLANG_WARN_DOCUMENTATION_COMMENTS = YES;
				CLANG_WARN_EMPTY_BODY = YES;
				CLANG_WARN_ENUM_CONVERSION = YES;
				CLANG_WARN_INFINITE_RECURSION = YES;
				CLANG_WARN_INT_CONVERSION = YES;
				CLANG_WARN_NON_LITERAL_NULL_CONVERSION = YES;
				CLANG_WARN_OBJC_IMPLICIT_RETAIN_SELF = YES;
				CLANG_WARN_OBJC_LITERAL_CONVERSION = YES;
				CLANG_WARN_OBJC_ROOT_CLASS = YES_ERROR;
				CLANG_WARN_QUOTED_INCLUDE_IN_FRAMEWORK_HEADER = YES;
				CLANG_WARN_RANGE_LOOP_ANALYSIS = YES;
				CLANG_WARN_STRICT_PROTOTYPES = YES;
				CLANG_WARN_SUSPICIOUS_MOVE = YES;
				CLANG_WARN_UNGUARDED_AVAILABILITY = YES_AGGRESSIVE;
				CLANG_WARN_UNREACHABLE_CODE = YES;
				CLANG_WARN__DUPLICATE_METHOD_MATCH = YES;
				COPY_PHASE_STRIP = NO;
				DEBUG_INFORMATION_FORMAT = "dwarf-with-dsym";
				ENABLE_NS_ASSERTIONS = NO;
				ENABLE_STRICT_OBJC_MSGSEND = YES;
				GCC_C_LANGUAGE_STANDARD = gnu11;
				GCC_NO_COMMON_BLOCKS = YES;
				GCC_WARN_64_TO_32_BIT_CONVERSION = YES;
				GCC_WARN_ABOUT_RETURN_TYPE = YES_ERROR;
				GCC_WARN_UNDECLARED_SELECTOR = YES;
				GCC_WARN_UNINITIALIZED_AUTOS = YES_AGGRESSIVE;
				GCC_WARN_UNUSED_FUNCTION = YES;
				GCC_WARN_UNUSED_VARIABLE = YES;
				IPHONEOS_DEPLOYMENT_TARGET = 15.5;
				MTL_ENABLE_DEBUG_INFO = NO;
				MTL_FAST_MATH = YES;
				SDKROOT = iphoneos;
				SWIFT_COMPILATION_MODE = wholemodule;
				SWIFT_OPTIMIZATION_LEVEL = "-O";
				VALIDATE_PRODUCT = YES;
			};
			name = Release;
		};
		8F3482A928C9C5AE0042750B /* Debug */ = {
			isa = XCBuildConfiguration;
			buildSettings = {
				ASSETCATALOG_COMPILER_APPICON_NAME = AppIcon;
				ASSETCATALOG_COMPILER_GLOBAL_ACCENT_COLOR_NAME = AccentColor;
				CLANG_ENABLE_MODULES = YES;
				CODE_SIGN_STYLE = Automatic;
				CURRENT_PROJECT_VERSION = 1;
				DEVELOPMENT_TEAM = CZ4S46HB3C;
				GENERATE_INFOPLIST_FILE = YES;
				INFOPLIST_FILE = ContextMenuCrash/Info.plist;
				INFOPLIST_KEY_UIApplicationSupportsIndirectInputEvents = YES;
				INFOPLIST_KEY_UILaunchStoryboardName = LaunchScreen;
				INFOPLIST_KEY_UISupportedInterfaceOrientations_iPad = "UIInterfaceOrientationPortrait UIInterfaceOrientationPortraitUpsideDown UIInterfaceOrientationLandscapeLeft UIInterfaceOrientationLandscapeRight";
				INFOPLIST_KEY_UISupportedInterfaceOrientations_iPhone = "UIInterfaceOrientationPortrait UIInterfaceOrientationLandscapeLeft UIInterfaceOrientationLandscapeRight";
				LD_RUNPATH_SEARCH_PATHS = (
					"$(inherited)",
					"@executable_path/Frameworks",
				);
				MARKETING_VERSION = 1.0;
				PRODUCT_BUNDLE_IDENTIFIER = com.springenwerk.ContextMenuCrash;
				PRODUCT_NAME = "$(TARGET_NAME)";
				SWIFT_EMIT_LOC_STRINGS = YES;
				SWIFT_OBJC_BRIDGING_HEADER = "ContextMenuCrash/ContextMenuCrash-Bridging-Header.h";
				SWIFT_OPTIMIZATION_LEVEL = "-Onone";
				SWIFT_VERSION = 5.0;
				TARGETED_DEVICE_FAMILY = "1,2";
			};
			name = Debug;
		};
		8F3482AA28C9C5AE0042750B /* Release */ = {
			isa = XCBuildConfiguration;
			buildSettings = {
				ASSETCATALOG_COMPILER_APPICON_NAME = AppIcon;
				ASSETCATALOG_COMPILER_GLOBAL_ACCENT_COLOR_NAME = AccentColor;
				CLANG_ENABLE_MODULES = YES;
				CODE_SIGN_STYLE = Automatic;
				CURRENT_PROJECT_VERSION = 1;
				DEVELOPMENT_TEAM = CZ4S46HB3C;
				GENERATE_INFOPLIST_FILE = YES;
				INFOPLIST_FILE = ContextMenuCrash/Info.plist;
				INFOPLIST_KEY_UIApplicationSupportsIndirectInputEvents = YES;
				INFOPLIST_KEY_UILaunchStoryboardName = LaunchScreen;
				INFOPLIST_KEY_UISupportedInterfaceOrientations_iPad = "UIInterfaceOrientationPortrait UIInterfaceOrientationPortraitUpsideDown UIInterfaceOrientationLandscapeLeft UIInterfaceOrientationLandscapeRight";
				INFOPLIST_KEY_UISupportedInterfaceOrientations_iPhone = "UIInterfaceOrientationPortrait UIInterfaceOrientationLandscapeLeft UIInterfaceOrientationLandscapeRight";
				LD_RUNPATH_SEARCH_PATHS = (
					"$(inherited)",
					"@executable_path/Frameworks",
				);
				MARKETING_VERSION = 1.0;
				PRODUCT_BUNDLE_IDENTIFIER = com.springenwerk.ContextMenuCrash;
				PRODUCT_NAME = "$(TARGET_NAME)";
				SWIFT_EMIT_LOC_STRINGS = YES;
				SWIFT_OBJC_BRIDGING_HEADER = "ContextMenuCrash/ContextMenuCrash-Bridging-Header.h";
				SWIFT_VERSION = 5.0;
				TARGETED_DEVICE_FAMILY = "1,2";
			};
			name = Release;
		};
/* End XCBuildConfiguration section */

/* Begin XCConfigurationList section */
		8F34828F28C9C5AD0042750B /* Build configuration list for PBXProject "ContextMenuCrash" */ = {
			isa = XCConfigurationList;
			buildConfigurations = (
				8F3482A628C9C5AE0042750B /* Debug */,
				8F3482A728C9C5AE0042750B /* Release */,
			);
			defaultConfigurationIsVisible = 0;
			defaultConfigurationName = Release;
		};
		8F3482A828C9C5AE0042750B /* Build configuration list for PBXNativeTarget "ContextMenuCrash" */ = {
			isa = XCConfigurationList;
			buildConfigurations = (
				8F3482A928C9C5AE0042750B /* Debug */,
				8F3482AA28C9C5AE0042750B /* Release */,
			);
			defaultConfigurationIsVisible = 0;
			defaultConfigurationName = Release;
		};
/* End XCConfigurationList section */
	};
	rootObject = 8F34828C28C9C5AD0042750B /* Project object */;
}
